// !$*UTF8*$!
{
	archiveVersion = 1;
	classes = {
	};
	objectVersion = 77;
	objects = {

/* Begin PBXBuildFile section */
		0229DC3FF1FA96BF049D43B5 /* AppMetadataTests.swift in Sources */ = {isa = PBXBuildFile; fileRef = 47053DBD03F5240ECCD35573 /* AppMetadataTests.swift */; };
		02807A455A26A592F5A50824 /* ParentLessonAPITests.swift in Sources */ = {isa = PBXBuildFile; fileRef = 055A58C7A27B41F82685F51B /* ParentLessonAPITests.swift */; };
		030EFE16BBEEDAB01CC37A16 /* BattleEngineTests.swift in Sources */ = {isa = PBXBuildFile; fileRef = 9983A8C2B2B01829EC9597FF /* BattleEngineTests.swift */; };
		03E9C1A592065ACCA85467EA /* BattleEngine.swift in Sources */ = {isa = PBXBuildFile; fileRef = 8DD73245074A18477196A675 /* BattleEngine.swift */; };
		05BC6D224C27760A1DAD2210 /* DeviceBindingQRSupport.swift in Sources */ = {isa = PBXBuildFile; fileRef = AAAEB370D2B26B2384DF6720 /* DeviceBindingQRSupport.swift */; };
		0A5527873875D5DF44DFC7FF /* Learning.swift in Sources */ = {isa = PBXBuildFile; fileRef = 9608B2C630968DC71F5D8092 /* Learning.swift */; };
		0D92C5BC2268F1E0D62A4CA9 /* AppDelegate.swift in Sources */ = {isa = PBXBuildFile; fileRef = D3D73555B610C471DEB23E99 /* AppDelegate.swift */; };
		0F85857104D068CD0348FD23 /* PackLibrary.swift in Sources */ = {isa = PBXBuildFile; fileRef = 5FAA4BEA60462EF5E008000A /* PackLibrary.swift */; };
		118517F860A8B7A84CC7F205 /* CloudSyncTests.swift in Sources */ = {isa = PBXBuildFile; fileRef = 4A3AE3BC6E5E9D7342858F39 /* CloudSyncTests.swift */; };
		15E36B6A030E94382C3B1267 /* LessonDraftReviewStoreTests.swift in Sources */ = {isa = PBXBuildFile; fileRef = 76339196A09620CB46FEF4B8 /* LessonDraftReviewStoreTests.swift */; };
		170E596AC77D25C2588446A7 /* QuestionGeneratorTests.swift in Sources */ = {isa = PBXBuildFile; fileRef = DE88295E834B88BEA145A889 /* QuestionGeneratorTests.swift */; };
		1802ABC00E8F5382A14E8E1C /* LessonDraftReviewStore.swift in Sources */ = {isa = PBXBuildFile; fileRef = A77053ADBABC5E1EEED849EA /* LessonDraftReviewStore.swift */; };
		1C0C548B809FA132D6A411D8 /* BuiltinPackLoaderTests.swift in Sources */ = {isa = PBXBuildFile; fileRef = 4D84AAB7ED8DD3DC8C0E97D3 /* BuiltinPackLoaderTests.swift */; };
		1EC51AEF8DDD6E8ABCDDD57E /* ChildProfileView.swift in Sources */ = {isa = PBXBuildFile; fileRef = 8BC72BF2F14325B68BCB749C /* ChildProfileView.swift */; };
		26B615F58D86B8EC7AA6B0D7 /* BattleAnimationTests.swift in Sources */ = {isa = PBXBuildFile; fileRef = 09D8D3EF59E2C8C643882355 /* BattleAnimationTests.swift */; };
		2D9B8D104C526A576B6FF478 /* ResultView.swift in Sources */ = {isa = PBXBuildFile; fileRef = 94693A96123F2BD2C3D2F70B /* ResultView.swift */; };
		301B7244196BEFBF71282B40 /* BattleQuestionSchedulerTests.swift in Sources */ = {isa = PBXBuildFile; fileRef = F3C8A9552AEDE224EFFE2585 /* BattleQuestionSchedulerTests.swift */; };
		307C8F11567A577C390D2D67 /* CloudBindingViews.swift in Sources */ = {isa = PBXBuildFile; fileRef = A75E239F17ECE5B0C5B1CF48 /* CloudBindingViews.swift */; };
		35CA6F2A8474520D7933A336 /* MonsterCodexStyleBackButton.swift in Sources */ = {isa = PBXBuildFile; fileRef = D2A9EC8E570DA5CD48D36B4B /* MonsterCodexStyleBackButton.swift */; };
		3612D5539B436F29F3A5F62D /* LocalGrowthTests.swift in Sources */ = {isa = PBXBuildFile; fileRef = 357E80E34F6EF98CF4A1F005 /* LocalGrowthTests.swift */; };
		36A3AC8F104BA497DBDCA64F /* BattleStartTests.swift in Sources */ = {isa = PBXBuildFile; fileRef = 729681DD70AD1933A6DBB022 /* BattleStartTests.swift */; };
		3AC370A2BA76542B34B974E8 /* SystemBrowser.swift in Sources */ = {isa = PBXBuildFile; fileRef = 3CEAE6C7CF557B6369922034 /* SystemBrowser.swift */; };
		3BA9690760CDAB437EC7555A /* WordRepository.swift in Sources */ = {isa = PBXBuildFile; fileRef = 710C4CE303108095BB4DD2C4 /* WordRepository.swift */; };
		443F20D68ED6417108718DFF /* CloudSyncServices.swift in Sources */ = {isa = PBXBuildFile; fileRef = 246D77D7D2CF1528AEECDA24 /* CloudSyncServices.swift */; };
		4EF9263FA9C00E2D1120DAC1 /* ParentAdminView.swift in Sources */ = {isa = PBXBuildFile; fileRef = A34FBB768E5B1541E82EB7BF /* ParentAdminView.swift */; };
		4F4ECE46BBDD358C515C85D3 /* Assets.xcassets in Resources */ = {isa = PBXBuildFile; fileRef = 6288AB79A566478B8CD0BC1F /* Assets.xcassets */; };
		54CE238928E274D0BB0B5A92 /* BattleQuestionTypePolicy.swift in Sources */ = {isa = PBXBuildFile; fileRef = 3F8096273F6C5E474BA07021 /* BattleQuestionTypePolicy.swift */; };
		55390F1AEF427177EFA5778D /* fruit-forest.json in Resources */ = {isa = PBXBuildFile; fileRef = 47BC3511BBA49EE9C87AD467 /* fruit-forest.json */; };
		579EE45B2B7202F7B3269EFF /* WordEntry.swift in Sources */ = {isa = PBXBuildFile; fileRef = CD002304AC10A20B5A041CF4 /* WordEntry.swift */; };
		791A0488B58B44C7A7088481 /* bgm_battle_loop.caf in Resources */ = {isa = PBXBuildFile; fileRef = 4DFFEE4EEB074AD69DAD3501 /* bgm_battle_loop.caf */; };
		1D900BB212964ECAB5CC1F01 /* answer_wrong.caf in Resources */ = {isa = PBXBuildFile; fileRef = 9AFA1DE9F1504166919C21CA /* answer_wrong.caf */; };
		34E107AB577D46F88444EF62 /* defeat.caf in Resources */ = {isa = PBXBuildFile; fileRef = 8C454A2DEB3F47ADAA7880D7 /* defeat.caf */; };
		104E1986FD0B4279966DAC20 /* hit_crit.caf in Resources */ = {isa = PBXBuildFile; fileRef = F2F6E85FC3E24384A91AFBC3 /* hit_crit.caf */; };
		9B079C73028B43969147E4F2 /* hit_normal.caf in Resources */ = {isa = PBXBuildFile; fileRef = A26A3632112A45F799EDB139 /* hit_normal.caf */; };
		D829B47E662B4222B17AF3FD /* monster_defeat.caf in Resources */ = {isa = PBXBuildFile; fileRef = 51A8F9C6E9164A579BD996A2 /* monster_defeat.caf */; };
		ACA8C37FF7B14A1C9F0A46DC /* player_hurt.caf in Resources */ = {isa = PBXBuildFile; fileRef = 607DD09F946549179E98C954 /* player_hurt.caf */; };
		76393186C6A24D248DD66E69 /* victory.caf in Resources */ = {isa = PBXBuildFile; fileRef = 1EA7780036FA4F3F9BEC2A76 /* victory.caf */; };
		5977BDCF4C1E492668878C0A /* GrowthLoopViews.swift in Sources */ = {isa = PBXBuildFile; fileRef = 3244CB8E1A251419DDBF976E /* GrowthLoopViews.swift */; };
		5CE532062EAAC36F72958B4D /* AppMetadata.swift in Sources */ = {isa = PBXBuildFile; fileRef = 9B9157DCBBBBB134DAFBFB0F /* AppMetadata.swift */; };
		6E05CEC0063F85029AD9E9CE /* animal-safari.json in Resources */ = {isa = PBXBuildFile; fileRef = B9404434663A9314B7DFB316 /* animal-safari.json */; };
		6F5EF564EB875CA55F166AD3 /* BattleView.swift in Sources */ = {isa = PBXBuildFile; fileRef = 3282D4D1268FF1FE6DAB3358 /* BattleView.swift */; };
		707FB23DB88D874E8312DD0E /* PackSelectionStore.swift in Sources */ = {isa = PBXBuildFile; fileRef = C695865CC24B715BCC601E85 /* PackSelectionStore.swift */; };
		71F3BCC31AACAF5730934FAF /* ParentApiClientDTOTests.swift in Sources */ = {isa = PBXBuildFile; fileRef = FD9FC5BBE0DF16B580028ED5 /* ParentApiClientDTOTests.swift */; };
		85D1855D2EF21E06F39BEEFD /* MonsterCodex.swift in Sources */ = {isa = PBXBuildFile; fileRef = B07C00999FA9E98A1DB8AA43 /* MonsterCodex.swift */; };
		85D1855E2EF21E06F39BEEFD /* MonsterDialogueCatalog.swift in Sources */ = {isa = PBXBuildFile; fileRef = B07C009A9FA9E98A1DB8AA43 /* MonsterDialogueCatalog.swift */; };
		8921E19FF5AD3AA7BE0DE7CE /* DamageFloaterLabel.swift in Sources */ = {isa = PBXBuildFile; fileRef = 0DD367904EE83901B35B4DBF /* DamageFloaterLabel.swift */; };
		94E337DE08EB43CCE456B2EE /* BattleAnimationEvent.swift in Sources */ = {isa = PBXBuildFile; fileRef = 270E555771AAF420876EE21A /* BattleAnimationEvent.swift */; };
		9596795CCBB5E69984F7DF0F /* ContentView.swift in Sources */ = {isa = PBXBuildFile; fileRef = 00F904781ED9F4E18758477D /* ContentView.swift */; };
		A280B86F01527718C6864EE4 /* home-cottage.json in Resources */ = {isa = PBXBuildFile; fileRef = 8349519FA5655D988A05CED0 /* home-cottage.json */; };
		AC26C97631CA6602D08B5C35 /* BattleQuestionScheduler.swift in Sources */ = {isa = PBXBuildFile; fileRef = 6F814B1BBA3CCE7B7362B3C5 /* BattleQuestionScheduler.swift */; };
		B3504CF00EF29F88A237A5D9 /* WordMagicGameUITests.swift in Sources */ = {isa = PBXBuildFile; fileRef = 38479AC6AB0335AC72A4D84F /* WordMagicGameUITests.swift */; };
		B3973A93F0C154C9CC3C2E09 /* HomeView.swift in Sources */ = {isa = PBXBuildFile; fileRef = F0FC48A86BA4107999240DDC /* HomeView.swift */; };
		B4F9506F0A1D4BCE8F03A951 /* SpellbookView.swift in Sources */ = {isa = PBXBuildFile; fileRef = B4F9506E0A1D4BCE8F03A951 /* SpellbookView.swift */; };
		B60048E8C6C4645BDD9762F9 /* PronunciationService.swift in Sources */ = {isa = PBXBuildFile; fileRef = 6FAE4997C3E18E4C154192C3 /* PronunciationService.swift */; };
		B78D4D8347BED158B20C4848 /* AppCoordinator.swift in Sources */ = {isa = PBXBuildFile; fileRef = 46B11FD6736977A7563E1AC2 /* AppCoordinator.swift */; };
		B96EE54B096D36EE228F71CA /* MonsterCodexTests.swift in Sources */ = {isa = PBXBuildFile; fileRef = FF4F6C0F250B5DDB85CA37E3 /* MonsterCodexTests.swift */; };
		B96EE54C096D36EE228F71CA /* MonsterDialogueTests.swift in Sources */ = {isa = PBXBuildFile; fileRef = FF4F6C10250B5DDB85CA37E3 /* MonsterDialogueTests.swift */; };
		BAF78C1C23F14D7290C1AA01 /* Spellbook.swift in Sources */ = {isa = PBXBuildFile; fileRef = BAF78C1B23F14D7290C1AA01 /* Spellbook.swift */; };
		BAF78C1E23F14D7290C1AA01 /* SpellbookTests.swift in Sources */ = {isa = PBXBuildFile; fileRef = BAF78C1D23F14D7290C1AA01 /* SpellbookTests.swift */; };
		BFB2D10A293E35EAD0F46005 /* ParentApiModels.swift in Sources */ = {isa = PBXBuildFile; fileRef = 3E536CB57513E373F4DAE0FB /* ParentApiModels.swift */; };
		C4EBC57B653E00711C0B4378 /* InfoPlist.strings in Resources */ = {isa = PBXBuildFile; fileRef = 278A1A6949FE6B8D92879377 /* InfoPlist.strings */; };
		C8ED1F2015EB743E6EED5556 /* GameConfig.swift in Sources */ = {isa = PBXBuildFile; fileRef = 4A2A531BC5F3AB79B8D7B9A4 /* GameConfig.swift */; };
		D3A10531A50A7354A3613885 /* AppThemeParityTests.swift in Sources */ = {isa = PBXBuildFile; fileRef = FAA3B5A205F686C79D19C337 /* AppThemeParityTests.swift */; };
		D6BAC04EAF14394DB70A9820 /* DamageFloaterLabelTests.swift in Sources */ = {isa = PBXBuildFile; fileRef = 4397EF73C254584D191DEFC5 /* DamageFloaterLabelTests.swift */; };
		D7F6A90C8F43DFF9B3951001 /* MessageBubbleGeometryTests.swift in Sources */ = {isa = PBXBuildFile; fileRef = D7F6A90B8F43DFF9B3951001 /* MessageBubbleGeometryTests.swift */; };
		D7F6A9128F43DFF9B3951001 /* MessageBubble.swift in Sources */ = {isa = PBXBuildFile; fileRef = D7F6A9118F43DFF9B3951001 /* MessageBubble.swift */; };
		D7F6A9148F43DFF9B3951001 /* MessageBubbleLabView.swift in Sources */ = {isa = PBXBuildFile; fileRef = D7F6A9138F43DFF9B3951001 /* MessageBubbleLabView.swift */; };
		DB7C81381850767CB9885D42 /* school-castle.json in Resources */ = {isa = PBXBuildFile; fileRef = 322D0A3007C7DA1E3A44E318 /* school-castle.json */; };
		DC8CE988A3697BC51B07E777 /* MonsterCodexView.swift in Sources */ = {isa = PBXBuildFile; fileRef = E1915D885E57624FF4078BDE /* MonsterCodexView.swift */; };
		DF359379C8C7DA1A70E22B08 /* HTTPParentApiClientTests.swift in Sources */ = {isa = PBXBuildFile; fileRef = 26F1547BA538DD85443F0406 /* HTTPParentApiClientTests.swift */; };
		E2A3173A4136798333A2AF0E /* Question.swift in Sources */ = {isa = PBXBuildFile; fileRef = 5E540CFB2BCCC470ED117B65 /* Question.swift */; };
		E7276A8FCD0B214B97D93205 /* ConfigView.swift in Sources */ = {isa = PBXBuildFile; fileRef = B8B82B38DA43BA9443CC2B54 /* ConfigView.swift */; };
		E8B6A26967691A10987EEBBB /* BuiltinPackLoader.swift in Sources */ = {isa = PBXBuildFile; fileRef = 7E7911CFA23216E3E25B0767 /* BuiltinPackLoader.swift */; };
		E92ACF8BEA82C2AC742DB463 /* GameConfigTests.swift in Sources */ = {isa = PBXBuildFile; fileRef = 546A3D7EC1D58BE06B395150 /* GameConfigTests.swift */; };
		EAE53652EC92AA7E09BFC13C /* LocalStores.swift in Sources */ = {isa = PBXBuildFile; fileRef = 2ECEF6809FEDA427DBB7B167 /* LocalStores.swift */; };
		EC258499EC8DFFA676D2BE14 /* PronunciationServiceTests.swift in Sources */ = {isa = PBXBuildFile; fileRef = 94513DF82FF4E789AD631AC0 /* PronunciationServiceTests.swift */; };
		EC97934170054F8599E61696 /* WordMagicGameApp.swift in Sources */ = {isa = PBXBuildFile; fileRef = 7B6701AF4311EDEC1FCAF0A8 /* WordMagicGameApp.swift */; };
		ED80CF11695C288BAC3AE0D6 /* HTTPParentApiClient.swift in Sources */ = {isa = PBXBuildFile; fileRef = E7E6813F9140BBAF06E03823 /* HTTPParentApiClient.swift */; };
		F14F04992D8F1CBBFA5EC9F9 /* ParentLessonAPI.swift in Sources */ = {isa = PBXBuildFile; fileRef = F9641BC33332046468B83ECF /* ParentLessonAPI.swift */; };
		F3A2B89FB00157C1840CBEFE /* ocean-realm.json in Resources */ = {isa = PBXBuildFile; fileRef = BAF3995E798608040E8CBADE /* ocean-realm.json */; };
/* End PBXBuildFile section */

/* Begin PBXContainerItemProxy section */
		1C94BF7DF2FC41756261C131 /* PBXContainerItemProxy */ = {
			isa = PBXContainerItemProxy;
			containerPortal = 308CA988F2EC1595AF577EC6 /* Project object */;
			proxyType = 1;
			remoteGlobalIDString = 94CF8178381884C0E1171296;
			remoteInfo = WordMagicGame;
		};
		6FC088BF636111D8318EC9E1 /* PBXContainerItemProxy */ = {
			isa = PBXContainerItemProxy;
			containerPortal = 308CA988F2EC1595AF577EC6 /* Project object */;
			proxyType = 1;
			remoteGlobalIDString = 94CF8178381884C0E1171296;
			remoteInfo = WordMagicGame;
		};
/* End PBXContainerItemProxy section */

/* Begin PBXFileReference section */
		00F904781ED9F4E18758477D /* ContentView.swift */ = {isa = PBXFileReference; lastKnownFileType = sourcecode.swift; path = ContentView.swift; sourceTree = "<group>"; };
		055A58C7A27B41F82685F51B /* ParentLessonAPITests.swift */ = {isa = PBXFileReference; lastKnownFileType = sourcecode.swift; path = ParentLessonAPITests.swift; sourceTree = "<group>"; };
		09D8D3EF59E2C8C643882355 /* BattleAnimationTests.swift */ = {isa = PBXFileReference; lastKnownFileType = sourcecode.swift; path = BattleAnimationTests.swift; sourceTree = "<group>"; };
		0DD367904EE83901B35B4DBF /* DamageFloaterLabel.swift */ = {isa = PBXFileReference; lastKnownFileType = sourcecode.swift; path = DamageFloaterLabel.swift; sourceTree = "<group>"; };
		246D77D7D2CF1528AEECDA24 /* CloudSyncServices.swift */ = {isa = PBXFileReference; lastKnownFileType = sourcecode.swift; path = CloudSyncServices.swift; sourceTree = "<group>"; };
		26F1547BA538DD85443F0406 /* HTTPParentApiClientTests.swift */ = {isa = PBXFileReference; lastKnownFileType = sourcecode.swift; path = HTTPParentApiClientTests.swift; sourceTree = "<group>"; };
		270E555771AAF420876EE21A /* BattleAnimationEvent.swift */ = {isa = PBXFileReference; lastKnownFileType = sourcecode.swift; path = BattleAnimationEvent.swift; sourceTree = "<group>"; };
		278A1A6949FE6B8D92879377 /* InfoPlist.strings */ = {isa = PBXFileReference; lastKnownFileType = text.plist.strings; name = InfoPlist.strings; path = "zh-Hans.lproj/InfoPlist.strings"; sourceTree = "<group>"; };
		2ECEF6809FEDA427DBB7B167 /* LocalStores.swift */ = {isa = PBXFileReference; lastKnownFileType = sourcecode.swift; path = LocalStores.swift; sourceTree = "<group>"; };
		322D0A3007C7DA1E3A44E318 /* school-castle.json */ = {isa = PBXFileReference; lastKnownFileType = text.json; path = "school-castle.json"; sourceTree = "<group>"; };
		3244CB8E1A251419DDBF976E /* GrowthLoopViews.swift */ = {isa = PBXFileReference; lastKnownFileType = sourcecode.swift; path = GrowthLoopViews.swift; sourceTree = "<group>"; };
		3282D4D1268FF1FE6DAB3358 /* BattleView.swift */ = {isa = PBXFileReference; lastKnownFileType = sourcecode.swift; path = BattleView.swift; sourceTree = "<group>"; };
		357E80E34F6EF98CF4A1F005 /* LocalGrowthTests.swift */ = {isa = PBXFileReference; lastKnownFileType = sourcecode.swift; path = LocalGrowthTests.swift; sourceTree = "<group>"; };
		38479AC6AB0335AC72A4D84F /* WordMagicGameUITests.swift */ = {isa = PBXFileReference; lastKnownFileType = sourcecode.swift; path = WordMagicGameUITests.swift; sourceTree = "<group>"; };
		3CEAE6C7CF557B6369922034 /* SystemBrowser.swift */ = {isa = PBXFileReference; lastKnownFileType = sourcecode.swift; path = SystemBrowser.swift; sourceTree = "<group>"; };
		3E536CB57513E373F4DAE0FB /* ParentApiModels.swift */ = {isa = PBXFileReference; lastKnownFileType = sourcecode.swift; path = ParentApiModels.swift; sourceTree = "<group>"; };
		3F8096273F6C5E474BA07021 /* BattleQuestionTypePolicy.swift */ = {isa = PBXFileReference; lastKnownFileType = sourcecode.swift; path = BattleQuestionTypePolicy.swift; sourceTree = "<group>"; };
		4397EF73C254584D191DEFC5 /* DamageFloaterLabelTests.swift */ = {isa = PBXFileReference; lastKnownFileType = sourcecode.swift; path = DamageFloaterLabelTests.swift; sourceTree = "<group>"; };
		46B11FD6736977A7563E1AC2 /* AppCoordinator.swift */ = {isa = PBXFileReference; lastKnownFileType = sourcecode.swift; path = AppCoordinator.swift; sourceTree = "<group>"; };
		47053DBD03F5240ECCD35573 /* AppMetadataTests.swift */ = {isa = PBXFileReference; lastKnownFileType = sourcecode.swift; path = AppMetadataTests.swift; sourceTree = "<group>"; };
		47BC3511BBA49EE9C87AD467 /* fruit-forest.json */ = {isa = PBXFileReference; lastKnownFileType = text.json; path = "fruit-forest.json"; sourceTree = "<group>"; };
		4A2A531BC5F3AB79B8D7B9A4 /* GameConfig.swift */ = {isa = PBXFileReference; lastKnownFileType = sourcecode.swift; path = GameConfig.swift; sourceTree = "<group>"; };
		4A3AE3BC6E5E9D7342858F39 /* CloudSyncTests.swift */ = {isa = PBXFileReference; lastKnownFileType = sourcecode.swift; path = CloudSyncTests.swift; sourceTree = "<group>"; };
		4DFFEE4EEB074AD69DAD3501 /* bgm_battle_loop.caf */ = {isa = PBXFileReference; lastKnownFileType = file; path = bgm_battle_loop.caf; sourceTree = "<group>"; };
		9AFA1DE9F1504166919C21CA /* answer_wrong.caf */ = {isa = PBXFileReference; lastKnownFileType = file; path = answer_wrong.caf; sourceTree = "<group>"; };
		8C454A2DEB3F47ADAA7880D7 /* defeat.caf */ = {isa = PBXFileReference; lastKnownFileType = file; path = defeat.caf; sourceTree = "<group>"; };
		F2F6E85FC3E24384A91AFBC3 /* hit_crit.caf */ = {isa = PBXFileReference; lastKnownFileType = file; path = hit_crit.caf; sourceTree = "<group>"; };
		A26A3632112A45F799EDB139 /* hit_normal.caf */ = {isa = PBXFileReference; lastKnownFileType = file; path = hit_normal.caf; sourceTree = "<group>"; };
		51A8F9C6E9164A579BD996A2 /* monster_defeat.caf */ = {isa = PBXFileReference; lastKnownFileType = file; path = monster_defeat.caf; sourceTree = "<group>"; };
		607DD09F946549179E98C954 /* player_hurt.caf */ = {isa = PBXFileReference; lastKnownFileType = file; path = player_hurt.caf; sourceTree = "<group>"; };
		1EA7780036FA4F3F9BEC2A76 /* victory.caf */ = {isa = PBXFileReference; lastKnownFileType = file; path = victory.caf; sourceTree = "<group>"; };
		4AF7C75746693A30D0733A5A /* WordMagicGameTests.xctest */ = {isa = PBXFileReference; includeInIndex = 0; lastKnownFileType = wrapper.cfbundle; path = WordMagicGameTests.xctest; sourceTree = BUILT_PRODUCTS_DIR; };
		4D84AAB7ED8DD3DC8C0E97D3 /* BuiltinPackLoaderTests.swift */ = {isa = PBXFileReference; lastKnownFileType = sourcecode.swift; path = BuiltinPackLoaderTests.swift; sourceTree = "<group>"; };
		4DD3AB20492B28D8947B85F7 /* WordMagicGameUITests.xctest */ = {isa = PBXFileReference; includeInIndex = 0; lastKnownFileType = wrapper.cfbundle; path = WordMagicGameUITests.xctest; sourceTree = BUILT_PRODUCTS_DIR; };
		4E24CB33D609FA08E8E9B075 /* WordMagicGame.app */ = {isa = PBXFileReference; includeInIndex = 0; lastKnownFileType = wrapper.application; path = WordMagicGame.app; sourceTree = BUILT_PRODUCTS_DIR; };
		546A3D7EC1D58BE06B395150 /* GameConfigTests.swift */ = {isa = PBXFileReference; lastKnownFileType = sourcecode.swift; path = GameConfigTests.swift; sourceTree = "<group>"; };
		5E540CFB2BCCC470ED117B65 /* Question.swift */ = {isa = PBXFileReference; lastKnownFileType = sourcecode.swift; path = Question.swift; sourceTree = "<group>"; };
		5FAA4BEA60462EF5E008000A /* PackLibrary.swift */ = {isa = PBXFileReference; lastKnownFileType = sourcecode.swift; path = PackLibrary.swift; sourceTree = "<group>"; };
		6288AB79A566478B8CD0BC1F /* Assets.xcassets */ = {isa = PBXFileReference; lastKnownFileType = folder.assetcatalog; path = Assets.xcassets; sourceTree = "<group>"; };
		6F814B1BBA3CCE7B7362B3C5 /* BattleQuestionScheduler.swift */ = {isa = PBXFileReference; lastKnownFileType = sourcecode.swift; path = BattleQuestionScheduler.swift; sourceTree = "<group>"; };
		6FAE4997C3E18E4C154192C3 /* PronunciationService.swift */ = {isa = PBXFileReference; lastKnownFileType = sourcecode.swift; path = PronunciationService.swift; sourceTree = "<group>"; };
		710C4CE303108095BB4DD2C4 /* WordRepository.swift */ = {isa = PBXFileReference; lastKnownFileType = sourcecode.swift; path = WordRepository.swift; sourceTree = "<group>"; };
		729681DD70AD1933A6DBB022 /* BattleStartTests.swift */ = {isa = PBXFileReference; lastKnownFileType = sourcecode.swift; path = BattleStartTests.swift; sourceTree = "<group>"; };
		76339196A09620CB46FEF4B8 /* LessonDraftReviewStoreTests.swift */ = {isa = PBXFileReference; lastKnownFileType = sourcecode.swift; path = LessonDraftReviewStoreTests.swift; sourceTree = "<group>"; };
		7B6701AF4311EDEC1FCAF0A8 /* WordMagicGameApp.swift */ = {isa = PBXFileReference; lastKnownFileType = sourcecode.swift; path = WordMagicGameApp.swift; sourceTree = "<group>"; };
		7E7911CFA23216E3E25B0767 /* BuiltinPackLoader.swift */ = {isa = PBXFileReference; lastKnownFileType = sourcecode.swift; path = BuiltinPackLoader.swift; sourceTree = "<group>"; };
		8349519FA5655D988A05CED0 /* home-cottage.json */ = {isa = PBXFileReference; lastKnownFileType = text.json; path = "home-cottage.json"; sourceTree = "<group>"; };
		8BC72BF2F14325B68BCB749C /* ChildProfileView.swift */ = {isa = PBXFileReference; lastKnownFileType = sourcecode.swift; path = ChildProfileView.swift; sourceTree = "<group>"; };
		8DD73245074A18477196A675 /* BattleEngine.swift */ = {isa = PBXFileReference; lastKnownFileType = sourcecode.swift; path = BattleEngine.swift; sourceTree = "<group>"; };
		94513DF82FF4E789AD631AC0 /* PronunciationServiceTests.swift */ = {isa = PBXFileReference; lastKnownFileType = sourcecode.swift; path = PronunciationServiceTests.swift; sourceTree = "<group>"; };
		94693A96123F2BD2C3D2F70B /* ResultView.swift */ = {isa = PBXFileReference; lastKnownFileType = sourcecode.swift; path = ResultView.swift; sourceTree = "<group>"; };
		9608B2C630968DC71F5D8092 /* Learning.swift */ = {isa = PBXFileReference; lastKnownFileType = sourcecode.swift; path = Learning.swift; sourceTree = "<group>"; };
		9983A8C2B2B01829EC9597FF /* BattleEngineTests.swift */ = {isa = PBXFileReference; lastKnownFileType = sourcecode.swift; path = BattleEngineTests.swift; sourceTree = "<group>"; };
		9B9157DCBBBBB134DAFBFB0F /* AppMetadata.swift */ = {isa = PBXFileReference; lastKnownFileType = sourcecode.swift; path = AppMetadata.swift; sourceTree = "<group>"; };
		A34FBB768E5B1541E82EB7BF /* ParentAdminView.swift */ = {isa = PBXFileReference; lastKnownFileType = sourcecode.swift; path = ParentAdminView.swift; sourceTree = "<group>"; };
		A75E239F17ECE5B0C5B1CF48 /* CloudBindingViews.swift */ = {isa = PBXFileReference; lastKnownFileType = sourcecode.swift; path = CloudBindingViews.swift; sourceTree = "<group>"; };
		A77053ADBABC5E1EEED849EA /* LessonDraftReviewStore.swift */ = {isa = PBXFileReference; lastKnownFileType = sourcecode.swift; path = LessonDraftReviewStore.swift; sourceTree = "<group>"; };
		AAAEB370D2B26B2384DF6720 /* DeviceBindingQRSupport.swift */ = {isa = PBXFileReference; lastKnownFileType = sourcecode.swift; path = DeviceBindingQRSupport.swift; sourceTree = "<group>"; };
		B07C00999FA9E98A1DB8AA43 /* MonsterCodex.swift */ = {isa = PBXFileReference; lastKnownFileType = sourcecode.swift; path = MonsterCodex.swift; sourceTree = "<group>"; };
		B07C009A9FA9E98A1DB8AA43 /* MonsterDialogueCatalog.swift */ = {isa = PBXFileReference; lastKnownFileType = sourcecode.swift; path = MonsterDialogueCatalog.swift; sourceTree = "<group>"; };
		B8B82B38DA43BA9443CC2B54 /* ConfigView.swift */ = {isa = PBXFileReference; lastKnownFileType = sourcecode.swift; path = ConfigView.swift; sourceTree = "<group>"; };
		B9404434663A9314B7DFB316 /* animal-safari.json */ = {isa = PBXFileReference; lastKnownFileType = text.json; path = "animal-safari.json"; sourceTree = "<group>"; };
		B4F9506E0A1D4BCE8F03A951 /* SpellbookView.swift */ = {isa = PBXFileReference; lastKnownFileType = sourcecode.swift; path = SpellbookView.swift; sourceTree = "<group>"; };
		BAA403A88DE9B94849CC1EAD /* Info.plist */ = {isa = PBXFileReference; lastKnownFileType = text.plist; path = Info.plist; sourceTree = "<group>"; };
		BAF3995E798608040E8CBADE /* ocean-realm.json */ = {isa = PBXFileReference; lastKnownFileType = text.json; path = "ocean-realm.json"; sourceTree = "<group>"; };
		BAF78C1B23F14D7290C1AA01 /* Spellbook.swift */ = {isa = PBXFileReference; lastKnownFileType = sourcecode.swift; path = Spellbook.swift; sourceTree = "<group>"; };
		BAF78C1D23F14D7290C1AA01 /* SpellbookTests.swift */ = {isa = PBXFileReference; lastKnownFileType = sourcecode.swift; path = SpellbookTests.swift; sourceTree = "<group>"; };
		C695865CC24B715BCC601E85 /* PackSelectionStore.swift */ = {isa = PBXFileReference; lastKnownFileType = sourcecode.swift; path = PackSelectionStore.swift; sourceTree = "<group>"; };
		CD002304AC10A20B5A041CF4 /* WordEntry.swift */ = {isa = PBXFileReference; lastKnownFileType = sourcecode.swift; path = WordEntry.swift; sourceTree = "<group>"; };
		D2A9EC8E570DA5CD48D36B4B /* MonsterCodexStyleBackButton.swift */ = {isa = PBXFileReference; lastKnownFileType = sourcecode.swift; path = MonsterCodexStyleBackButton.swift; sourceTree = "<group>"; };
		D3D73555B610C471DEB23E99 /* AppDelegate.swift */ = {isa = PBXFileReference; lastKnownFileType = sourcecode.swift; path = AppDelegate.swift; sourceTree = "<group>"; };
		D7F6A90B8F43DFF9B3951001 /* MessageBubbleGeometryTests.swift */ = {isa = PBXFileReference; lastKnownFileType = sourcecode.swift; path = MessageBubbleGeometryTests.swift; sourceTree = "<group>"; };
		D7F6A9118F43DFF9B3951001 /* MessageBubble.swift */ = {isa = PBXFileReference; lastKnownFileType = sourcecode.swift; path = MessageBubble.swift; sourceTree = "<group>"; };
		D7F6A9138F43DFF9B3951001 /* MessageBubbleLabView.swift */ = {isa = PBXFileReference; lastKnownFileType = sourcecode.swift; path = MessageBubbleLabView.swift; sourceTree = "<group>"; };
		DE88295E834B88BEA145A889 /* QuestionGeneratorTests.swift */ = {isa = PBXFileReference; lastKnownFileType = sourcecode.swift; path = QuestionGeneratorTests.swift; sourceTree = "<group>"; };
		E1915D885E57624FF4078BDE /* MonsterCodexView.swift */ = {isa = PBXFileReference; lastKnownFileType = sourcecode.swift; path = MonsterCodexView.swift; sourceTree = "<group>"; };
		E7E6813F9140BBAF06E03823 /* HTTPParentApiClient.swift */ = {isa = PBXFileReference; lastKnownFileType = sourcecode.swift; path = HTTPParentApiClient.swift; sourceTree = "<group>"; };
		F0FC48A86BA4107999240DDC /* HomeView.swift */ = {isa = PBXFileReference; lastKnownFileType = sourcecode.swift; path = HomeView.swift; sourceTree = "<group>"; };
		F3C8A9552AEDE224EFFE2585 /* BattleQuestionSchedulerTests.swift */ = {isa = PBXFileReference; lastKnownFileType = sourcecode.swift; path = BattleQuestionSchedulerTests.swift; sourceTree = "<group>"; };
		F9641BC33332046468B83ECF /* ParentLessonAPI.swift */ = {isa = PBXFileReference; lastKnownFileType = sourcecode.swift; path = ParentLessonAPI.swift; sourceTree = "<group>"; };
		FAA3B5A205F686C79D19C337 /* AppThemeParityTests.swift */ = {isa = PBXFileReference; lastKnownFileType = sourcecode.swift; path = AppThemeParityTests.swift; sourceTree = "<group>"; };
		FD9FC5BBE0DF16B580028ED5 /* ParentApiClientDTOTests.swift */ = {isa = PBXFileReference; lastKnownFileType = sourcecode.swift; path = ParentApiClientDTOTests.swift; sourceTree = "<group>"; };
		FF4F6C0F250B5DDB85CA37E3 /* MonsterCodexTests.swift */ = {isa = PBXFileReference; lastKnownFileType = sourcecode.swift; path = MonsterCodexTests.swift; sourceTree = "<group>"; };
		FF4F6C10250B5DDB85CA37E3 /* MonsterDialogueTests.swift */ = {isa = PBXFileReference; lastKnownFileType = sourcecode.swift; path = MonsterDialogueTests.swift; sourceTree = "<group>"; };
/* End PBXFileReference section */

/* Begin PBXGroup section */
		07DEB62B40AC8911F7F5BBBE = {
			isa = PBXGroup;
			children = (
				FB938AB1385E89DF347BDD36 /* WordMagicGame */,
				39EFEB36D216D63AD384B077 /* WordMagicGameTests */,
				91144466FE6FE0F30DABF0B7 /* WordMagicGameUITests */,
				3ED0C934BFF8B5C965783B0C /* Products */,
			);
			sourceTree = "<group>";
		};
		2B997480B498ADB237F6B65E /* Core */ = {
			isa = PBXGroup;
			children = (
				270E555771AAF420876EE21A /* BattleAnimationEvent.swift */,
				8DD73245074A18477196A675 /* BattleEngine.swift */,
				6F814B1BBA3CCE7B7362B3C5 /* BattleQuestionScheduler.swift */,
				3F8096273F6C5E474BA07021 /* BattleQuestionTypePolicy.swift */,
				7E7911CFA23216E3E25B0767 /* BuiltinPackLoader.swift */,
				4A2A531BC5F3AB79B8D7B9A4 /* GameConfig.swift */,
				9608B2C630968DC71F5D8092 /* Learning.swift */,
				B07C00999FA9E98A1DB8AA43 /* MonsterCodex.swift */,
				B07C009A9FA9E98A1DB8AA43 /* MonsterDialogueCatalog.swift */,
				5FAA4BEA60462EF5E008000A /* PackLibrary.swift */,
				C695865CC24B715BCC601E85 /* PackSelectionStore.swift */,
				5E540CFB2BCCC470ED117B65 /* Question.swift */,
				BAF78C1B23F14D7290C1AA01 /* Spellbook.swift */,
				CD002304AC10A20B5A041CF4 /* WordEntry.swift */,
				710C4CE303108095BB4DD2C4 /* WordRepository.swift */,
			);
			path = Core;
			sourceTree = "<group>";
		};
		34136277D1824FF2DB56DE77 /* Features */ = {
			isa = PBXGroup;
			children = (
				6F1A4D8DB7A4F317842C0F4F /* CoreLoop */,
				CD0198F6C5191261CD8E822A /* ParentAdmin */,
				5484A29C2D73A277C7260695 /* Settings */,
				CBCA46B9BD2D6686A2F07369 /* Shared */,
			);
			path = Features;
			sourceTree = "<group>";
		};
		39EFEB36D216D63AD384B077 /* WordMagicGameTests */ = {
			isa = PBXGroup;
			children = (
				47053DBD03F5240ECCD35573 /* AppMetadataTests.swift */,
				FAA3B5A205F686C79D19C337 /* AppThemeParityTests.swift */,
				7A0633465C884DC2DA099BCE /* Core */,
				700A94A3A6B8E3B21829BF32 /* ParentAdmin */,
			);
			path = WordMagicGameTests;
			sourceTree = "<group>";
		};
		3ED0C934BFF8B5C965783B0C /* Products */ = {
			isa = PBXGroup;
			children = (
				4E24CB33D609FA08E8E9B075 /* WordMagicGame.app */,
				4AF7C75746693A30D0733A5A /* WordMagicGameTests.xctest */,
				4DD3AB20492B28D8947B85F7 /* WordMagicGameUITests.xctest */,
			);
			name = Products;
			sourceTree = "<group>";
		};
		5484A29C2D73A277C7260695 /* Settings */ = {
			isa = PBXGroup;
			children = (
				8BC72BF2F14325B68BCB749C /* ChildProfileView.swift */,
				A75E239F17ECE5B0C5B1CF48 /* CloudBindingViews.swift */,
				B8B82B38DA43BA9443CC2B54 /* ConfigView.swift */,
				AAAEB370D2B26B2384DF6720 /* DeviceBindingQRSupport.swift */,
				D7F6A9138F43DFF9B3951001 /* MessageBubbleLabView.swift */,
			);
			path = Settings;
			sourceTree = "<group>";
		};
		6F1A4D8DB7A4F317842C0F4F /* CoreLoop */ = {
			isa = PBXGroup;
			children = (
				3282D4D1268FF1FE6DAB3358 /* BattleView.swift */,
				0DD367904EE83901B35B4DBF /* DamageFloaterLabel.swift */,
				3244CB8E1A251419DDBF976E /* GrowthLoopViews.swift */,
				F0FC48A86BA4107999240DDC /* HomeView.swift */,
				E1915D885E57624FF4078BDE /* MonsterCodexView.swift */,
				94693A96123F2BD2C3D2F70B /* ResultView.swift */,
				B4F9506E0A1D4BCE8F03A951 /* SpellbookView.swift */,
			);
			path = CoreLoop;
			sourceTree = "<group>";
		};
		700A94A3A6B8E3B21829BF32 /* ParentAdmin */ = {
			isa = PBXGroup;
			children = (
				26F1547BA538DD85443F0406 /* HTTPParentApiClientTests.swift */,
				76339196A09620CB46FEF4B8 /* LessonDraftReviewStoreTests.swift */,
				FD9FC5BBE0DF16B580028ED5 /* ParentApiClientDTOTests.swift */,
				055A58C7A27B41F82685F51B /* ParentLessonAPITests.swift */,
			);
			path = ParentAdmin;
			sourceTree = "<group>";
		};
		7A0633465C884DC2DA099BCE /* Core */ = {
			isa = PBXGroup;
			children = (
				09D8D3EF59E2C8C643882355 /* BattleAnimationTests.swift */,
				9983A8C2B2B01829EC9597FF /* BattleEngineTests.swift */,
				F3C8A9552AEDE224EFFE2585 /* BattleQuestionSchedulerTests.swift */,
				729681DD70AD1933A6DBB022 /* BattleStartTests.swift */,
				4D84AAB7ED8DD3DC8C0E97D3 /* BuiltinPackLoaderTests.swift */,
				4A3AE3BC6E5E9D7342858F39 /* CloudSyncTests.swift */,
				4397EF73C254584D191DEFC5 /* DamageFloaterLabelTests.swift */,
				546A3D7EC1D58BE06B395150 /* GameConfigTests.swift */,
				357E80E34F6EF98CF4A1F005 /* LocalGrowthTests.swift */,
				D7F6A90B8F43DFF9B3951001 /* MessageBubbleGeometryTests.swift */,
				FF4F6C0F250B5DDB85CA37E3 /* MonsterCodexTests.swift */,
				FF4F6C10250B5DDB85CA37E3 /* MonsterDialogueTests.swift */,
				94513DF82FF4E789AD631AC0 /* PronunciationServiceTests.swift */,
				DE88295E834B88BEA145A889 /* QuestionGeneratorTests.swift */,
				BAF78C1D23F14D7290C1AA01 /* SpellbookTests.swift */,
			);
			path = Core;
			sourceTree = "<group>";
		};
		8802B20086E02B0E30479EF3 /* App */ = {
			isa = PBXGroup;
			children = (
				46B11FD6736977A7563E1AC2 /* AppCoordinator.swift */,
				D3D73555B610C471DEB23E99 /* AppDelegate.swift */,
				9B9157DCBBBBB134DAFBFB0F /* AppMetadata.swift */,
				00F904781ED9F4E18758477D /* ContentView.swift */,
				7B6701AF4311EDEC1FCAF0A8 /* WordMagicGameApp.swift */,
			);
			path = App;
			sourceTree = "<group>";
		};
		91144466FE6FE0F30DABF0B7 /* WordMagicGameUITests */ = {
			isa = PBXGroup;
			children = (
				38479AC6AB0335AC72A4D84F /* WordMagicGameUITests.swift */,
			);
			path = WordMagicGameUITests;
			sourceTree = "<group>";
		};
		A51302A7AD01EFCACE20EE55 /* BuiltinPacks */ = {
			isa = PBXGroup;
			children = (
				B9404434663A9314B7DFB316 /* animal-safari.json */,
				47BC3511BBA49EE9C87AD467 /* fruit-forest.json */,
				8349519FA5655D988A05CED0 /* home-cottage.json */,
				BAF3995E798608040E8CBADE /* ocean-realm.json */,
				322D0A3007C7DA1E3A44E318 /* school-castle.json */,
			);
			path = BuiltinPacks;
			sourceTree = "<group>";
		};
		BBE527345F0145751F1FF932 /* Services */ = {
			isa = PBXGroup;
			children = (
				246D77D7D2CF1528AEECDA24 /* CloudSyncServices.swift */,
				E7E6813F9140BBAF06E03823 /* HTTPParentApiClient.swift */,
				A77053ADBABC5E1EEED849EA /* LessonDraftReviewStore.swift */,
				2ECEF6809FEDA427DBB7B167 /* LocalStores.swift */,
				3E536CB57513E373F4DAE0FB /* ParentApiModels.swift */,
				F9641BC33332046468B83ECF /* ParentLessonAPI.swift */,
				6FAE4997C3E18E4C154192C3 /* PronunciationService.swift */,
				3CEAE6C7CF557B6369922034 /* SystemBrowser.swift */,
			);
			path = Services;
			sourceTree = "<group>";
		};
		CBCA46B9BD2D6686A2F07369 /* Shared */ = {
			isa = PBXGroup;
			children = (
				D7F6A9118F43DFF9B3951001 /* MessageBubble.swift */,
				D2A9EC8E570DA5CD48D36B4B /* MonsterCodexStyleBackButton.swift */,
			);
			path = Shared;
			sourceTree = "<group>";
		};
		CD0198F6C5191261CD8E822A /* ParentAdmin */ = {
			isa = PBXGroup;
			children = (
				A34FBB768E5B1541E82EB7BF /* ParentAdminView.swift */,
			);
			path = ParentAdmin;
			sourceTree = "<group>";
		};
		D572375ED00048FDCE2D0329 /* Resources */ = {
			isa = PBXGroup;
			children = (
				6288AB79A566478B8CD0BC1F /* Assets.xcassets */,
				BAA403A88DE9B94849CC1EAD /* Info.plist */,
				278A1A6949FE6B8D92879377 /* InfoPlist.strings */,
				A51302A7AD01EFCACE20EE55 /* BuiltinPacks */,
				DCBD38F4B9DE48E3B4070458 /* Sounds */,
			);
			path = Resources;
			sourceTree = "<group>";
		};
		DCBD38F4B9DE48E3B4070458 /* Sounds */ = {
			isa = PBXGroup;
			children = (
				4DFFEE4EEB074AD69DAD3501 /* bgm_battle_loop.caf */,
				9AFA1DE9F1504166919C21CA /* answer_wrong.caf */,
				8C454A2DEB3F47ADAA7880D7 /* defeat.caf */,
				F2F6E85FC3E24384A91AFBC3 /* hit_crit.caf */,
				A26A3632112A45F799EDB139 /* hit_normal.caf */,
				51A8F9C6E9164A579BD996A2 /* monster_defeat.caf */,
				607DD09F946549179E98C954 /* player_hurt.caf */,
				1EA7780036FA4F3F9BEC2A76 /* victory.caf */,
			);
			path = Sounds;
			sourceTree = "<group>";
		};
		FB938AB1385E89DF347BDD36 /* WordMagicGame */ = {
			isa = PBXGroup;
			children = (
				8802B20086E02B0E30479EF3 /* App */,
				2B997480B498ADB237F6B65E /* Core */,
				34136277D1824FF2DB56DE77 /* Features */,
				D572375ED00048FDCE2D0329 /* Resources */,
				BBE527345F0145751F1FF932 /* Services */,
			);
			path = WordMagicGame;
			sourceTree = "<group>";
		};
/* End PBXGroup section */

/* Begin PBXNativeTarget section */
		1458092D17CE1DB1277327B6 /* WordMagicGameTests */ = {
			isa = PBXNativeTarget;
			buildConfigurationList = 87513D47902A773643EEC6AD /* Build configuration list for PBXNativeTarget "WordMagicGameTests" */;
			buildPhases = (
				6E1C96A10D9EDD14D7D185F7 /* Sources */,
			);
			buildRules = (
			);
			dependencies = (
				D39DAD6C156CDCB17848D599 /* PBXTargetDependency */,
			);
			name = WordMagicGameTests;
			packageProductDependencies = (
			);
			productName = WordMagicGameTests;
			productReference = 4AF7C75746693A30D0733A5A /* WordMagicGameTests.xctest */;
			productType = "com.apple.product-type.bundle.unit-test";
		};
		94CF8178381884C0E1171296 /* WordMagicGame */ = {
			isa = PBXNativeTarget;
			buildConfigurationList = DC9F4433C51227398F0397D2 /* Build configuration list for PBXNativeTarget "WordMagicGame" */;
			buildPhases = (
				749CB0506EE2490C44A8A780 /* Sources */,
				3B7CA9554EF5E7947F2742B5 /* Resources */,
			);
			buildRules = (
			);
			dependencies = (
			);
			name = WordMagicGame;
			packageProductDependencies = (
			);
			productName = WordMagicGame;
			productReference = 4E24CB33D609FA08E8E9B075 /* WordMagicGame.app */;
			productType = "com.apple.product-type.application";
		};
		F4054FCFDC163FFBEC563CA5 /* WordMagicGameUITests */ = {
			isa = PBXNativeTarget;
			buildConfigurationList = 7F5B5E1705BFFEF5525E91F4 /* Build configuration list for PBXNativeTarget "WordMagicGameUITests" */;
			buildPhases = (
				56725DBB58CCDA9CAF1E8260 /* Sources */,
			);
			buildRules = (
			);
			dependencies = (
				B15DEC41EB261ABD62B22E59 /* PBXTargetDependency */,
			);
			name = WordMagicGameUITests;
			packageProductDependencies = (
			);
			productName = WordMagicGameUITests;
			productReference = 4DD3AB20492B28D8947B85F7 /* WordMagicGameUITests.xctest */;
			productType = "com.apple.product-type.bundle.ui-testing";
		};
/* End PBXNativeTarget section */

/* Begin PBXProject section */
		308CA988F2EC1595AF577EC6 /* Project object */ = {
			isa = PBXProject;
			attributes = {
				BuildIndependentTargetsInParallel = YES;
				LastUpgradeCheck = 1430;
				TargetAttributes = {
					1458092D17CE1DB1277327B6 = {
						DevelopmentTeam = 99UX498DB4;
						ProvisioningStyle = Automatic;
					};
					94CF8178381884C0E1171296 = {
						DevelopmentTeam = 99UX498DB4;
						ProvisioningStyle = Automatic;
					};
					F4054FCFDC163FFBEC563CA5 = {
						DevelopmentTeam = 99UX498DB4;
						ProvisioningStyle = Automatic;
						TestTargetID = 94CF8178381884C0E1171296;
					};
				};
			};
			buildConfigurationList = 05C336E23565BF990FADBED0 /* Build configuration list for PBXProject "WordMagicGame" */;
			developmentRegion = en;
			hasScannedForEncodings = 0;
			knownRegions = (
				Base,
				en,
				"zh-Hans",
			);
			mainGroup = 07DEB62B40AC8911F7F5BBBE;
			minimizedProjectReferenceProxies = 1;
			preferredProjectObjectVersion = 77;
			productRefGroup = 3ED0C934BFF8B5C965783B0C /* Products */;
			projectDirPath = "";
			projectRoot = "";
			targets = (
				94CF8178381884C0E1171296 /* WordMagicGame */,
				1458092D17CE1DB1277327B6 /* WordMagicGameTests */,
				F4054FCFDC163FFBEC563CA5 /* WordMagicGameUITests */,
			);
		};
/* End PBXProject section */

/* Begin PBXResourcesBuildPhase section */
		3B7CA9554EF5E7947F2742B5 /* Resources */ = {
			isa = PBXResourcesBuildPhase;
			buildActionMask = 2147483647;
			files = (
				4F4ECE46BBDD358C515C85D3 /* Assets.xcassets in Resources */,
				791A0488B58B44C7A7088481 /* bgm_battle_loop.caf in Resources */,
				1D900BB212964ECAB5CC1F01 /* answer_wrong.caf in Resources */,
				34E107AB577D46F88444EF62 /* defeat.caf in Resources */,
				104E1986FD0B4279966DAC20 /* hit_crit.caf in Resources */,
				9B079C73028B43969147E4F2 /* hit_normal.caf in Resources */,
				D829B47E662B4222B17AF3FD /* monster_defeat.caf in Resources */,
				ACA8C37FF7B14A1C9F0A46DC /* player_hurt.caf in Resources */,
				76393186C6A24D248DD66E69 /* victory.caf in Resources */,
				C4EBC57B653E00711C0B4378 /* InfoPlist.strings in Resources */,
				6E05CEC0063F85029AD9E9CE /* animal-safari.json in Resources */,
				55390F1AEF427177EFA5778D /* fruit-forest.json in Resources */,
				A280B86F01527718C6864EE4 /* home-cottage.json in Resources */,
				F3A2B89FB00157C1840CBEFE /* ocean-realm.json in Resources */,
				DB7C81381850767CB9885D42 /* school-castle.json in Resources */,
			);
			runOnlyForDeploymentPostprocessing = 0;
		};
/* End PBXResourcesBuildPhase section */

/* Begin PBXSourcesBuildPhase section */
		56725DBB58CCDA9CAF1E8260 /* Sources */ = {
			isa = PBXSourcesBuildPhase;
			buildActionMask = 2147483647;
			files = (
				B3504CF00EF29F88A237A5D9 /* WordMagicGameUITests.swift in Sources */,
			);
			runOnlyForDeploymentPostprocessing = 0;
		};
		6E1C96A10D9EDD14D7D185F7 /* Sources */ = {
			isa = PBXSourcesBuildPhase;
			buildActionMask = 2147483647;
			files = (
				0229DC3FF1FA96BF049D43B5 /* AppMetadataTests.swift in Sources */,
				D3A10531A50A7354A3613885 /* AppThemeParityTests.swift in Sources */,
				26B615F58D86B8EC7AA6B0D7 /* BattleAnimationTests.swift in Sources */,
				030EFE16BBEEDAB01CC37A16 /* BattleEngineTests.swift in Sources */,
				301B7244196BEFBF71282B40 /* BattleQuestionSchedulerTests.swift in Sources */,
				36A3AC8F104BA497DBDCA64F /* BattleStartTests.swift in Sources */,
				1C0C548B809FA132D6A411D8 /* BuiltinPackLoaderTests.swift in Sources */,
				118517F860A8B7A84CC7F205 /* CloudSyncTests.swift in Sources */,
				D6BAC04EAF14394DB70A9820 /* DamageFloaterLabelTests.swift in Sources */,
				E92ACF8BEA82C2AC742DB463 /* GameConfigTests.swift in Sources */,
				DF359379C8C7DA1A70E22B08 /* HTTPParentApiClientTests.swift in Sources */,
				15E36B6A030E94382C3B1267 /* LessonDraftReviewStoreTests.swift in Sources */,
				3612D5539B436F29F3A5F62D /* LocalGrowthTests.swift in Sources */,
				D7F6A90C8F43DFF9B3951001 /* MessageBubbleGeometryTests.swift in Sources */,
				B96EE54B096D36EE228F71CA /* MonsterCodexTests.swift in Sources */,
				B96EE54C096D36EE228F71CA /* MonsterDialogueTests.swift in Sources */,
				71F3BCC31AACAF5730934FAF /* ParentApiClientDTOTests.swift in Sources */,
				02807A455A26A592F5A50824 /* ParentLessonAPITests.swift in Sources */,
				EC258499EC8DFFA676D2BE14 /* PronunciationServiceTests.swift in Sources */,
				170E596AC77D25C2588446A7 /* QuestionGeneratorTests.swift in Sources */,
				BAF78C1E23F14D7290C1AA01 /* SpellbookTests.swift in Sources */,
			);
			runOnlyForDeploymentPostprocessing = 0;
		};
		749CB0506EE2490C44A8A780 /* Sources */ = {
			isa = PBXSourcesBuildPhase;
			buildActionMask = 2147483647;
			files = (
				B78D4D8347BED158B20C4848 /* AppCoordinator.swift in Sources */,
				0D92C5BC2268F1E0D62A4CA9 /* AppDelegate.swift in Sources */,
				5CE532062EAAC36F72958B4D /* AppMetadata.swift in Sources */,
				94E337DE08EB43CCE456B2EE /* BattleAnimationEvent.swift in Sources */,
				03E9C1A592065ACCA85467EA /* BattleEngine.swift in Sources */,
				AC26C97631CA6602D08B5C35 /* BattleQuestionScheduler.swift in Sources */,
				54CE238928E274D0BB0B5A92 /* BattleQuestionTypePolicy.swift in Sources */,
				6F5EF564EB875CA55F166AD3 /* BattleView.swift in Sources */,
				E8B6A26967691A10987EEBBB /* BuiltinPackLoader.swift in Sources */,
				1EC51AEF8DDD6E8ABCDDD57E /* ChildProfileView.swift in Sources */,
				307C8F11567A577C390D2D67 /* CloudBindingViews.swift in Sources */,
				443F20D68ED6417108718DFF /* CloudSyncServices.swift in Sources */,
				E7276A8FCD0B214B97D93205 /* ConfigView.swift in Sources */,
				9596795CCBB5E69984F7DF0F /* ContentView.swift in Sources */,
				8921E19FF5AD3AA7BE0DE7CE /* DamageFloaterLabel.swift in Sources */,
				05BC6D224C27760A1DAD2210 /* DeviceBindingQRSupport.swift in Sources */,
				C8ED1F2015EB743E6EED5556 /* GameConfig.swift in Sources */,
				5977BDCF4C1E492668878C0A /* GrowthLoopViews.swift in Sources */,
				ED80CF11695C288BAC3AE0D6 /* HTTPParentApiClient.swift in Sources */,
				B3973A93F0C154C9CC3C2E09 /* HomeView.swift in Sources */,
				0A5527873875D5DF44DFC7FF /* Learning.swift in Sources */,
				1802ABC00E8F5382A14E8E1C /* LessonDraftReviewStore.swift in Sources */,
				EAE53652EC92AA7E09BFC13C /* LocalStores.swift in Sources */,
				85D1855D2EF21E06F39BEEFD /* MonsterCodex.swift in Sources */,
				85D1855E2EF21E06F39BEEFD /* MonsterDialogueCatalog.swift in Sources */,
				D7F6A9128F43DFF9B3951001 /* MessageBubble.swift in Sources */,
				D7F6A9148F43DFF9B3951001 /* MessageBubbleLabView.swift in Sources */,
				35CA6F2A8474520D7933A336 /* MonsterCodexStyleBackButton.swift in Sources */,
				DC8CE988A3697BC51B07E777 /* MonsterCodexView.swift in Sources */,
				0F85857104D068CD0348FD23 /* PackLibrary.swift in Sources */,
				707FB23DB88D874E8312DD0E /* PackSelectionStore.swift in Sources */,
				4EF9263FA9C00E2D1120DAC1 /* ParentAdminView.swift in Sources */,
				BFB2D10A293E35EAD0F46005 /* ParentApiModels.swift in Sources */,
				F14F04992D8F1CBBFA5EC9F9 /* ParentLessonAPI.swift in Sources */,
				B60048E8C6C4645BDD9762F9 /* PronunciationService.swift in Sources */,
				E2A3173A4136798333A2AF0E /* Question.swift in Sources */,
				2D9B8D104C526A576B6FF478 /* ResultView.swift in Sources */,
				BAF78C1C23F14D7290C1AA01 /* Spellbook.swift in Sources */,
				B4F9506F0A1D4BCE8F03A951 /* SpellbookView.swift in Sources */,
				3AC370A2BA76542B34B974E8 /* SystemBrowser.swift in Sources */,
				579EE45B2B7202F7B3269EFF /* WordEntry.swift in Sources */,
				EC97934170054F8599E61696 /* WordMagicGameApp.swift in Sources */,
				3BA9690760CDAB437EC7555A /* WordRepository.swift in Sources */,
			);
			runOnlyForDeploymentPostprocessing = 0;
		};
/* End PBXSourcesBuildPhase section */

/* Begin PBXTargetDependency section */
		B15DEC41EB261ABD62B22E59 /* PBXTargetDependency */ = {
			isa = PBXTargetDependency;
			target = 94CF8178381884C0E1171296 /* WordMagicGame */;
			targetProxy = 1C94BF7DF2FC41756261C131 /* PBXContainerItemProxy */;
		};
		D39DAD6C156CDCB17848D599 /* PBXTargetDependency */ = {
			isa = PBXTargetDependency;
			target = 94CF8178381884C0E1171296 /* WordMagicGame */;
			targetProxy = 6FC088BF636111D8318EC9E1 /* PBXContainerItemProxy */;
		};
/* End PBXTargetDependency section */

/* Begin XCBuildConfiguration section */
		0D3A03265ACBA5FF9A0CF58C /* Release */ = {
			isa = XCBuildConfiguration;
			buildSettings = {
				BUNDLE_LOADER = "$(TEST_HOST)";
				GENERATE_INFOPLIST_FILE = YES;
				LD_RUNPATH_SEARCH_PATHS = (
					"$(inherited)",
					"@executable_path/Frameworks",
					"@loader_path/Frameworks",
				);
				PRODUCT_BUNDLE_IDENTIFIER = com.terryma.wordmagicgame.tests;
				SDKROOT = iphoneos;
				TARGETED_DEVICE_FAMILY = "1,2";
				TEST_HOST = "$(BUILT_PRODUCTS_DIR)/WordMagicGame.app/WordMagicGame";
			};
			name = Release;
		};
		27EE0CE7D806318E4C5BB841 /* Release */ = {
			isa = XCBuildConfiguration;
			buildSettings = {
				BUNDLE_LOADER = "$(TEST_HOST)";
				GENERATE_INFOPLIST_FILE = YES;
				LD_RUNPATH_SEARCH_PATHS = (
					"$(inherited)",
					"@executable_path/Frameworks",
					"@loader_path/Frameworks",
				);
				PRODUCT_BUNDLE_IDENTIFIER = com.terryma.wordmagicgame.uitests;
				SDKROOT = iphoneos;
				TARGETED_DEVICE_FAMILY = "1,2";
				TEST_TARGET_NAME = WordMagicGame;
			};
			name = Release;
		};
		AAEF59441B13D02C38AF9588 /* Debug */ = {
			isa = XCBuildConfiguration;
			buildSettings = {
				BUNDLE_LOADER = "$(TEST_HOST)";
				GENERATE_INFOPLIST_FILE = YES;
				LD_RUNPATH_SEARCH_PATHS = (
					"$(inherited)",
					"@executable_path/Frameworks",
					"@loader_path/Frameworks",
				);
				PRODUCT_BUNDLE_IDENTIFIER = com.terryma.wordmagicgame.uitests;
				SDKROOT = iphoneos;
				TARGETED_DEVICE_FAMILY = "1,2";
				TEST_TARGET_NAME = WordMagicGame;
			};
			name = Debug;
		};
		BFA224B0704B138BED7443F4 /* Release */ = {
			isa = XCBuildConfiguration;
			buildSettings = {
				ALWAYS_SEARCH_USER_PATHS = NO;
				CLANG_ANALYZER_NONNULL = YES;
				CLANG_ANALYZER_NUMBER_OBJECT_CONVERSION = YES_AGGRESSIVE;
				CLANG_CXX_LANGUAGE_STANDARD = "gnu++14";
				CLANG_CXX_LIBRARY = "libc++";
				CLANG_ENABLE_MODULES = YES;
				CLANG_ENABLE_OBJC_ARC = YES;
				CLANG_ENABLE_OBJC_WEAK = YES;
				CLANG_WARN_BLOCK_CAPTURE_AUTORELEASING = YES;
				CLANG_WARN_BOOL_CONVERSION = YES;
				CLANG_WARN_COMMA = YES;
				CLANG_WARN_CONSTANT_CONVERSION = YES;
				CLANG_WARN_DEPRECATED_OBJC_IMPLEMENTATIONS = YES;
				CLANG_WARN_DIRECT_OBJC_ISA_USAGE = YES_ERROR;
				CLANG_WARN_DOCUMENTATION_COMMENTS = YES;
				CLANG_WARN_EMPTY_BODY = YES;
				CLANG_WARN_ENUM_CONVERSION = YES;
				CLANG_WARN_INFINITE_RECURSION = YES;
				CLANG_WARN_INT_CONVERSION = YES;
				CLANG_WARN_NON_LITERAL_NULL_CONVERSION = YES;
				CLANG_WARN_OBJC_IMPLICIT_RETAIN_SELF = YES;
				CLANG_WARN_OBJC_LITERAL_CONVERSION = YES;
				CLANG_WARN_OBJC_ROOT_CLASS = YES_ERROR;
				CLANG_WARN_QUOTED_INCLUDE_IN_FRAMEWORK_HEADER = YES;
				CLANG_WARN_RANGE_LOOP_ANALYSIS = YES;
				CLANG_WARN_STRICT_PROTOTYPES = YES;
				CLANG_WARN_SUSPICIOUS_MOVE = YES;
				CLANG_WARN_UNGUARDED_AVAILABILITY = YES_AGGRESSIVE;
				CLANG_WARN_UNREACHABLE_CODE = YES;
				CLANG_WARN__DUPLICATE_METHOD_MATCH = YES;
				CODE_SIGN_STYLE = Automatic;
				COPY_PHASE_STRIP = NO;
				CURRENT_PROJECT_VERSION = 1010001;
				DEBUG_INFORMATION_FORMAT = "dwarf-with-dsym";
				DEVELOPMENT_TEAM = 99UX498DB4;
				ENABLE_NS_ASSERTIONS = NO;
				ENABLE_STRICT_OBJC_MSGSEND = YES;
				GCC_C_LANGUAGE_STANDARD = gnu11;
				GCC_NO_COMMON_BLOCKS = YES;
				GCC_WARN_64_TO_32_BIT_CONVERSION = YES;
				GCC_WARN_ABOUT_RETURN_TYPE = YES_ERROR;
				GCC_WARN_UNDECLARED_SELECTOR = YES;
				GCC_WARN_UNINITIALIZED_AUTOS = YES_AGGRESSIVE;
				GCC_WARN_UNUSED_FUNCTION = YES;
				GCC_WARN_UNUSED_VARIABLE = YES;
				IPHONEOS_DEPLOYMENT_TARGET = 17.0;
				MARKETING_VERSION = 1.0.1;
				MTL_ENABLE_DEBUG_INFO = NO;
				MTL_FAST_MATH = YES;
				PRODUCT_NAME = "$(TARGET_NAME)";
				SDKROOT = iphoneos;
				SWIFT_COMPILATION_MODE = wholemodule;
				SWIFT_OPTIMIZATION_LEVEL = "-O";
				SWIFT_VERSION = 6.0;
				VERSIONING_SYSTEM = "apple-generic";
			};
			name = Release;
		};
		D314E953FD272B83D24B1E81 /* Debug */ = {
			isa = XCBuildConfiguration;
			buildSettings = {
				BUNDLE_LOADER = "$(TEST_HOST)";
				GENERATE_INFOPLIST_FILE = YES;
				LD_RUNPATH_SEARCH_PATHS = (
					"$(inherited)",
					"@executable_path/Frameworks",
					"@loader_path/Frameworks",
				);
				PRODUCT_BUNDLE_IDENTIFIER = com.terryma.wordmagicgame.tests;
				SDKROOT = iphoneos;
				TARGETED_DEVICE_FAMILY = "1,2";
				TEST_HOST = "$(BUILT_PRODUCTS_DIR)/WordMagicGame.app/WordMagicGame";
			};
			name = Debug;
		};
		DA0577C2BD25FAC3814B7BCD /* Debug */ = {
			isa = XCBuildConfiguration;
			buildSettings = {
				ASSETCATALOG_COMPILER_APPICON_NAME = AppIcon;
				CODE_SIGN_IDENTITY = "iPhone Developer";
				INFOPLIST_FILE = WordMagicGame/Resources/Info.plist;
				LD_RUNPATH_SEARCH_PATHS = (
					"$(inherited)",
					"@executable_path/Frameworks",
				);
				PRODUCT_BUNDLE_IDENTIFIER = com.terryma.wordmagicgame;
				PRODUCT_NAME = WordMagicGame;
				SDKROOT = iphoneos;
				TARGETED_DEVICE_FAMILY = "1,2";
			};
			name = Debug;
		};
		DB9BCEFB9C344FDDBA5CE8DE /* Debug */ = {
			isa = XCBuildConfiguration;
			buildSettings = {
				ALWAYS_SEARCH_USER_PATHS = NO;
				CLANG_ANALYZER_NONNULL = YES;
				CLANG_ANALYZER_NUMBER_OBJECT_CONVERSION = YES_AGGRESSIVE;
				CLANG_CXX_LANGUAGE_STANDARD = "gnu++14";
				CLANG_CXX_LIBRARY = "libc++";
				CLANG_ENABLE_MODULES = YES;
				CLANG_ENABLE_OBJC_ARC = YES;
				CLANG_ENABLE_OBJC_WEAK = YES;
				CLANG_WARN_BLOCK_CAPTURE_AUTORELEASING = YES;
				CLANG_WARN_BOOL_CONVERSION = YES;
				CLANG_WARN_COMMA = YES;
				CLANG_WARN_CONSTANT_CONVERSION = YES;
				CLANG_WARN_DEPRECATED_OBJC_IMPLEMENTATIONS = YES;
				CLANG_WARN_DIRECT_OBJC_ISA_USAGE = YES_ERROR;
				CLANG_WARN_DOCUMENTATION_COMMENTS = YES;
				CLANG_WARN_EMPTY_BODY = YES;
				CLANG_WARN_ENUM_CONVERSION = YES;
				CLANG_WARN_INFINITE_RECURSION = YES;
				CLANG_WARN_INT_CONVERSION = YES;
				CLANG_WARN_NON_LITERAL_NULL_CONVERSION = YES;
				CLANG_WARN_OBJC_IMPLICIT_RETAIN_SELF = YES;
				CLANG_WARN_OBJC_LITERAL_CONVERSION = YES;
				CLANG_WARN_OBJC_ROOT_CLASS = YES_ERROR;
				CLANG_WARN_QUOTED_INCLUDE_IN_FRAMEWORK_HEADER = YES;
				CLANG_WARN_RANGE_LOOP_ANALYSIS = YES;
				CLANG_WARN_STRICT_PROTOTYPES = YES;
				CLANG_WARN_SUSPICIOUS_MOVE = YES;
				CLANG_WARN_UNGUARDED_AVAILABILITY = YES_AGGRESSIVE;
				CLANG_WARN_UNREACHABLE_CODE = YES;
				CLANG_WARN__DUPLICATE_METHOD_MATCH = YES;
				CODE_SIGN_STYLE = Automatic;
				COPY_PHASE_STRIP = NO;
				CURRENT_PROJECT_VERSION = 1010001;
				DEBUG_INFORMATION_FORMAT = dwarf;
				DEVELOPMENT_TEAM = 99UX498DB4;
				ENABLE_STRICT_OBJC_MSGSEND = YES;
				ENABLE_TESTABILITY = YES;
				GCC_C_LANGUAGE_STANDARD = gnu11;
				GCC_DYNAMIC_NO_PIC = NO;
				GCC_NO_COMMON_BLOCKS = YES;
				GCC_OPTIMIZATION_LEVEL = 0;
				GCC_PREPROCESSOR_DEFINITIONS = (
					"$(inherited)",
					"DEBUG=1",
				);
				GCC_WARN_64_TO_32_BIT_CONVERSION = YES;
				GCC_WARN_ABOUT_RETURN_TYPE = YES_ERROR;
				GCC_WARN_UNDECLARED_SELECTOR = YES;
				GCC_WARN_UNINITIALIZED_AUTOS = YES_AGGRESSIVE;
				GCC_WARN_UNUSED_FUNCTION = YES;
				GCC_WARN_UNUSED_VARIABLE = YES;
				IPHONEOS_DEPLOYMENT_TARGET = 17.0;
				MARKETING_VERSION = 1.0.1;
				MTL_ENABLE_DEBUG_INFO = INCLUDE_SOURCE;
				MTL_FAST_MATH = YES;
				ONLY_ACTIVE_ARCH = YES;
				PRODUCT_NAME = "$(TARGET_NAME)";
				SDKROOT = iphoneos;
				SWIFT_ACTIVE_COMPILATION_CONDITIONS = DEBUG;
				SWIFT_OPTIMIZATION_LEVEL = "-Onone";
				SWIFT_VERSION = 6.0;
				VERSIONING_SYSTEM = "apple-generic";
			};
			name = Debug;
		};
		DEEE2914441FCF54B94D14CC /* Release */ = {
			isa = XCBuildConfiguration;
			buildSettings = {
				ASSETCATALOG_COMPILER_APPICON_NAME = AppIcon;
				CODE_SIGN_IDENTITY = "iPhone Developer";
				INFOPLIST_FILE = WordMagicGame/Resources/Info.plist;
				LD_RUNPATH_SEARCH_PATHS = (
					"$(inherited)",
					"@executable_path/Frameworks",
				);
				PRODUCT_BUNDLE_IDENTIFIER = com.terryma.wordmagicgame;
				PRODUCT_NAME = WordMagicGame;
				SDKROOT = iphoneos;
				TARGETED_DEVICE_FAMILY = "1,2";
			};
			name = Release;
		};
/* End XCBuildConfiguration section */

/* Begin XCConfigurationList section */
		05C336E23565BF990FADBED0 /* Build configuration list for PBXProject "WordMagicGame" */ = {
			isa = XCConfigurationList;
			buildConfigurations = (
				DB9BCEFB9C344FDDBA5CE8DE /* Debug */,
				BFA224B0704B138BED7443F4 /* Release */,
			);
			defaultConfigurationIsVisible = 0;
			defaultConfigurationName = Debug;
		};
		7F5B5E1705BFFEF5525E91F4 /* Build configuration list for PBXNativeTarget "WordMagicGameUITests" */ = {
			isa = XCConfigurationList;
			buildConfigurations = (
				AAEF59441B13D02C38AF9588 /* Debug */,
				27EE0CE7D806318E4C5BB841 /* Release */,
			);
			defaultConfigurationIsVisible = 0;
			defaultConfigurationName = Debug;
		};
		87513D47902A773643EEC6AD /* Build configuration list for PBXNativeTarget "WordMagicGameTests" */ = {
			isa = XCConfigurationList;
			buildConfigurations = (
				D314E953FD272B83D24B1E81 /* Debug */,
				0D3A03265ACBA5FF9A0CF58C /* Release */,
			);
			defaultConfigurationIsVisible = 0;
			defaultConfigurationName = Debug;
		};
		DC9F4433C51227398F0397D2 /* Build configuration list for PBXNativeTarget "WordMagicGame" */ = {
			isa = XCConfigurationList;
			buildConfigurations = (
				DA0577C2BD25FAC3814B7BCD /* Debug */,
				DEEE2914441FCF54B94D14CC /* Release */,
			);
			defaultConfigurationIsVisible = 0;
			defaultConfigurationName = Debug;
		};
/* End XCConfigurationList section */
	};
	rootObject = 308CA988F2EC1595AF577EC6 /* Project object */;
}
